
Microsoft Visual Studio Solution File, Format Version 12.00
# Visual Studio Version 16
VisualStudioVersion = 25.0.1705.7
MinimumVisualStudioVersion = 10.0.40219.1
Project("{FAE04EC0-301F-11D3-BF4B-00C04F79EFBC}") = "TodoMinimalApi", "TodoMinimalApi\TodoMinimalApi.csproj", "{8E336C5B-9E45-41B6-B089-43ABDEB497A1}"
EndProject
Global
	GlobalSection(SolutionConfigurationPlatforms) = preSolution
		Debug|Any CPU = Debug|Any CPU
		Release|Any CPU = Release|Any CPU
	EndGlobalSection
	GlobalSection(ProjectConfigurationPlatforms) = postSolution
		{8E336C5B-9E45-41B6-B089-43ABDEB497A1}.Debug|Any CPU.ActiveCfg = Debug|Any CPU
		{8E336C5B-9E45-41B6-B089-43ABDEB497A1}.Debug|Any CPU.Build.0 = Debug|Any CPU
		{8E336C5B-9E45-41B6-B089-43ABDEB497A1}.Release|Any CPU.ActiveCfg = Release|Any CPU
		{8E336C5B-9E45-41B6-B089-43ABDEB497A1}.Release|Any CPU.Build.0 = Release|Any CPU
	EndGlobalSection
	GlobalSection(SolutionProperties) = preSolution
		HideSolutionNode = FALSE
	EndGlobalSection
	GlobalSection(ExtensibilityGlobals) = postSolution
		SolutionGuid = {958974FE-11AA-4025-8DF2-5A60EC780E61}
	EndGlobalSection
EndGlobal
